
Microsoft Visual Studio Solution File, Format Version 12.00
# Visual Studio Version 17
VisualStudioVersion = 17.11.35431.28
MinimumVisualStudioVersion = 10.0.40219.1
Project("{FAE04EC0-301F-11D3-BF4B-00C04F79EFBC}") = "Rotate", "Rotate.csproj", "{F5D0DC81-D155-4009-9614-93FD8C264171}"
EndProject
Global
	GlobalSection(SolutionConfigurationPlatforms) = preSolution
		Debug|Any CPU = Debug|Any CPU
		Release|Any CPU = Release|Any CPU
	EndGlobalSection
	GlobalSection(ProjectConfigurationPlatforms) = postSolution
		{F5D0DC81-D155-4009-9614-93FD8C264171}.Debug|Any CPU.ActiveCfg = Debug|Any CPU
		{F5D0DC81-D155-4009-9614-93FD8C264171}.Debug|Any CPU.Build.0 = Debug|Any CPU
		{F5D0DC81-D155-4009-9614-93FD8C264171}.Release|Any CPU.ActiveCfg = Release|Any CPU
		{F5D0DC81-D155-4009-9614-93FD8C264171}.Release|Any CPU.Build.0 = Release|Any CPU
	EndGlobalSection
	GlobalSection(SolutionProperties) = preSolution
		HideSolutionNode = FALSE
	EndGlobalSection
	GlobalSection(ExtensibilityGlobals) = postSolution
		SolutionGuid = {EDA5E2EA-4023-4F29-9B1E-C16FA5ED8BC9}
	EndGlobalSection
EndGlobal
