
Microsoft Visual Studio Solution File, Format Version 12.00
# Visual Studio Version 17
VisualStudioVersion = 17.11.35431.28
MinimumVisualStudioVersion = 10.0.40219.1
Project("{FAE04EC0-301F-11D3-BF4B-00C04F79EFBC}") = "Even_or_Odd", "Even_or_Odd.csproj", "{A1863B29-19B5-43C2-AF39-D6FCEE41845C}"
EndProject
Global
	GlobalSection(SolutionConfigurationPlatforms) = preSolution
		Debug|Any CPU = Debug|Any CPU
		Release|Any CPU = Release|Any CPU
	EndGlobalSection
	GlobalSection(ProjectConfigurationPlatforms) = postSolution
		{A1863B29-19B5-43C2-AF39-D6FCEE41845C}.Debug|Any CPU.ActiveCfg = Debug|Any CPU
		{A1863B29-19B5-43C2-AF39-D6FCEE41845C}.Debug|Any CPU.Build.0 = Debug|Any CPU
		{A1863B29-19B5-43C2-AF39-D6FCEE41845C}.Release|Any CPU.ActiveCfg = Release|Any CPU
		{A1863B29-19B5-43C2-AF39-D6FCEE41845C}.Release|Any CPU.Build.0 = Release|Any CPU
	EndGlobalSection
	GlobalSection(SolutionProperties) = preSolution
		HideSolutionNode = FALSE
	EndGlobalSection
	GlobalSection(ExtensibilityGlobals) = postSolution
		SolutionGuid = {6B5CD52A-90B9-40EA-B03A-E14DB0DBAC3E}
	EndGlobalSection
EndGlobal
