
Microsoft Visual Studio Solution File, Format Version 12.00
# Visual Studio Version 17
VisualStudioVersion = 17.10.34928.147
MinimumVisualStudioVersion = 10.0.40219.1
Project("{FAE04EC0-301F-11D3-BF4B-00C04F79EFBC}") = "MeMyselfAndI", "MeMyselfAndI.csproj", "{34D95D01-B91E-464A-97D9-5012A9075443}"
EndProject
Global
	GlobalSection(SolutionConfigurationPlatforms) = preSolution
		Debug|Any CPU = Debug|Any CPU
		Release|Any CPU = Release|Any CPU
	EndGlobalSection
	GlobalSection(ProjectConfigurationPlatforms) = postSolution
		{34D95D01-B91E-464A-97D9-5012A9075443}.Debug|Any CPU.ActiveCfg = Debug|Any CPU
		{34D95D01-B91E-464A-97D9-5012A9075443}.Debug|Any CPU.Build.0 = Debug|Any CPU
		{34D95D01-B91E-464A-97D9-5012A9075443}.Release|Any CPU.ActiveCfg = Release|Any CPU
		{34D95D01-B91E-464A-97D9-5012A9075443}.Release|Any CPU.Build.0 = Release|Any CPU
	EndGlobalSection
	GlobalSection(SolutionProperties) = preSolution
		HideSolutionNode = FALSE
	EndGlobalSection
	GlobalSection(ExtensibilityGlobals) = postSolution
		SolutionGuid = {22BBCBA1-A7E1-4457-8CAD-DFFB9993877B}
	EndGlobalSection
EndGlobal
