
Microsoft Visual Studio Solution File, Format Version 12.00
# Visual Studio Version 17
VisualStudioVersion = 17.10.34928.147
MinimumVisualStudioVersion = 10.0.40219.1
Project("{FAE04EC0-301F-11D3-BF4B-00C04F79EFBC}") = "05_MixAndMatch", "05_MixAndMatch.csproj", "{A997FCA9-3438-4615-A859-84D8479D3EC2}"
EndProject
Global
	GlobalSection(SolutionConfigurationPlatforms) = preSolution
		Debug|Any CPU = Debug|Any CPU
		Release|Any CPU = Release|Any CPU
	EndGlobalSection
	GlobalSection(ProjectConfigurationPlatforms) = postSolution
		{A997FCA9-3438-4615-A859-84D8479D3EC2}.Debug|Any CPU.ActiveCfg = Debug|Any CPU
		{A997FCA9-3438-4615-A859-84D8479D3EC2}.Debug|Any CPU.Build.0 = Debug|Any CPU
		{A997FCA9-3438-4615-A859-84D8479D3EC2}.Release|Any CPU.ActiveCfg = Release|Any CPU
		{A997FCA9-3438-4615-A859-84D8479D3EC2}.Release|Any CPU.Build.0 = Release|Any CPU
	EndGlobalSection
	GlobalSection(SolutionProperties) = preSolution
		HideSolutionNode = FALSE
	EndGlobalSection
	GlobalSection(ExtensibilityGlobals) = postSolution
		SolutionGuid = {48C08B2D-ECED-4283-9A27-FC5B4E09442B}
	EndGlobalSection
EndGlobal
