
Microsoft Visual Studio Solution File, Format Version 12.00
# Visual Studio Version 17
VisualStudioVersion = 17.10.34928.147
MinimumVisualStudioVersion = 10.0.40219.1
Project("{FAE04EC0-301F-11D3-BF4B-00C04F79EFBC}") = "Reverse", "Reverse.csproj", "{EAB3C579-5800-4A04-9332-7C9454BB8831}"
EndProject
Global
	GlobalSection(SolutionConfigurationPlatforms) = preSolution
		Debug|Any CPU = Debug|Any CPU
		Release|Any CPU = Release|Any CPU
	EndGlobalSection
	GlobalSection(ProjectConfigurationPlatforms) = postSolution
		{EAB3C579-5800-4A04-9332-7C9454BB8831}.Debug|Any CPU.ActiveCfg = Debug|Any CPU
		{EAB3C579-5800-4A04-9332-7C9454BB8831}.Debug|Any CPU.Build.0 = Debug|Any CPU
		{EAB3C579-5800-4A04-9332-7C9454BB8831}.Release|Any CPU.ActiveCfg = Release|Any CPU
		{EAB3C579-5800-4A04-9332-7C9454BB8831}.Release|Any CPU.Build.0 = Release|Any CPU
	EndGlobalSection
	GlobalSection(SolutionProperties) = preSolution
		HideSolutionNode = FALSE
	EndGlobalSection
	GlobalSection(ExtensibilityGlobals) = postSolution
		SolutionGuid = {7B2F89F1-FB06-4EDD-8B22-65DE641D3B9F}
	EndGlobalSection
EndGlobal
