
Microsoft Visual Studio Solution File, Format Version 12.00
# Visual Studio Version 17
VisualStudioVersion = 17.10.34928.147
MinimumVisualStudioVersion = 10.0.40219.1
Project("{FAE04EC0-301F-11D3-BF4B-00C04F79EFBC}") = "Reverse", "Reverse.csproj", "{C84AAFAE-4B97-4FBA-AC65-2A172F1BBC63}"
EndProject
Global
	GlobalSection(SolutionConfigurationPlatforms) = preSolution
		Debug|Any CPU = Debug|Any CPU
		Release|Any CPU = Release|Any CPU
	EndGlobalSection
	GlobalSection(ProjectConfigurationPlatforms) = postSolution
		{C84AAFAE-4B97-4FBA-AC65-2A172F1BBC63}.Debug|Any CPU.ActiveCfg = Debug|Any CPU
		{C84AAFAE-4B97-4FBA-AC65-2A172F1BBC63}.Debug|Any CPU.Build.0 = Debug|Any CPU
		{C84AAFAE-4B97-4FBA-AC65-2A172F1BBC63}.Release|Any CPU.ActiveCfg = Release|Any CPU
		{C84AAFAE-4B97-4FBA-AC65-2A172F1BBC63}.Release|Any CPU.Build.0 = Release|Any CPU
	EndGlobalSection
	GlobalSection(SolutionProperties) = preSolution
		HideSolutionNode = FALSE
	EndGlobalSection
	GlobalSection(ExtensibilityGlobals) = postSolution
		SolutionGuid = {59F91ED6-299D-4D69-992C-1C58CFE5170A}
	EndGlobalSection
EndGlobal
