
Microsoft Visual Studio Solution File, Format Version 12.00
# Visual Studio Version 17
VisualStudioVersion = 17.11.35431.28
MinimumVisualStudioVersion = 10.0.40219.1
Project("{FAE04EC0-301F-11D3-BF4B-00C04F79EFBC}") = "Insert", "Insert.csproj", "{BFB9A7E3-514A-44E1-AFAD-98434E5B0DC4}"
EndProject
Global
	GlobalSection(SolutionConfigurationPlatforms) = preSolution
		Debug|Any CPU = Debug|Any CPU
		Release|Any CPU = Release|Any CPU
	EndGlobalSection
	GlobalSection(ProjectConfigurationPlatforms) = postSolution
		{BFB9A7E3-514A-44E1-AFAD-98434E5B0DC4}.Debug|Any CPU.ActiveCfg = Debug|Any CPU
		{BFB9A7E3-514A-44E1-AFAD-98434E5B0DC4}.Debug|Any CPU.Build.0 = Debug|Any CPU
		{BFB9A7E3-514A-44E1-AFAD-98434E5B0DC4}.Release|Any CPU.ActiveCfg = Release|Any CPU
		{BFB9A7E3-514A-44E1-AFAD-98434E5B0DC4}.Release|Any CPU.Build.0 = Release|Any CPU
	EndGlobalSection
	GlobalSection(SolutionProperties) = preSolution
		HideSolutionNode = FALSE
	EndGlobalSection
	GlobalSection(ExtensibilityGlobals) = postSolution
		SolutionGuid = {35F276A5-3C98-407D-B86E-0C901BECBE52}
	EndGlobalSection
EndGlobal
