
Microsoft Visual Studio Solution File, Format Version 12.00
# Visual Studio Version 17
VisualStudioVersion = 17.10.34928.147
MinimumVisualStudioVersion = 10.0.40219.1
Project("{FAE04EC0-301F-11D3-BF4B-00C04F79EFBC}") = "02_Minutes", "02_Minutes.csproj", "{E29095B8-21B8-45BC-8356-CFAD8EFD6CE7}"
EndProject
Global
	GlobalSection(SolutionConfigurationPlatforms) = preSolution
		Debug|Any CPU = Debug|Any CPU
		Release|Any CPU = Release|Any CPU
	EndGlobalSection
	GlobalSection(ProjectConfigurationPlatforms) = postSolution
		{E29095B8-21B8-45BC-8356-CFAD8EFD6CE7}.Debug|Any CPU.ActiveCfg = Debug|Any CPU
		{E29095B8-21B8-45BC-8356-CFAD8EFD6CE7}.Debug|Any CPU.Build.0 = Debug|Any CPU
		{E29095B8-21B8-45BC-8356-CFAD8EFD6CE7}.Release|Any CPU.ActiveCfg = Release|Any CPU
		{E29095B8-21B8-45BC-8356-CFAD8EFD6CE7}.Release|Any CPU.Build.0 = Release|Any CPU
	EndGlobalSection
	GlobalSection(SolutionProperties) = preSolution
		HideSolutionNode = FALSE
	EndGlobalSection
	GlobalSection(ExtensibilityGlobals) = postSolution
		SolutionGuid = {C64C292E-D2D4-4BF7-8675-4946B69C98AE}
	EndGlobalSection
EndGlobal
