
Microsoft Visual Studio Solution File, Format Version 12.00
# Visual Studio Version 17
VisualStudioVersion = 17.10.34928.147
MinimumVisualStudioVersion = 10.0.40219.1
Project("{FAE04EC0-301F-11D3-BF4B-00C04F79EFBC}") = "WorksheetLes", "WorksheetLes.csproj", "{F7621479-643D-49AB-864D-2F34E93ADE10}"
EndProject
Global
	GlobalSection(SolutionConfigurationPlatforms) = preSolution
		Debug|Any CPU = Debug|Any CPU
		Release|Any CPU = Release|Any CPU
	EndGlobalSection
	GlobalSection(ProjectConfigurationPlatforms) = postSolution
		{F7621479-643D-49AB-864D-2F34E93ADE10}.Debug|Any CPU.ActiveCfg = Debug|Any CPU
		{F7621479-643D-49AB-864D-2F34E93ADE10}.Debug|Any CPU.Build.0 = Debug|Any CPU
		{F7621479-643D-49AB-864D-2F34E93ADE10}.Release|Any CPU.ActiveCfg = Release|Any CPU
		{F7621479-643D-49AB-864D-2F34E93ADE10}.Release|Any CPU.Build.0 = Release|Any CPU
	EndGlobalSection
	GlobalSection(SolutionProperties) = preSolution
		HideSolutionNode = FALSE
	EndGlobalSection
	GlobalSection(ExtensibilityGlobals) = postSolution
		SolutionGuid = {8495CE6B-F695-4686-9FC6-389C3A5D2C31}
	EndGlobalSection
EndGlobal
