
Microsoft Visual Studio Solution File, Format Version 12.00
# Visual Studio Version 17
VisualStudioVersion = 17.10.34928.147
MinimumVisualStudioVersion = 10.0.40219.1
Project("{FAE04EC0-301F-11D3-BF4B-00C04F79EFBC}") = "HerhalingWeek05Files", "HerhalingWeek05Files.csproj", "{FF030201-E7C4-473B-8510-764AA113AFE6}"
EndProject
Global
	GlobalSection(SolutionConfigurationPlatforms) = preSolution
		Debug|Any CPU = Debug|Any CPU
		Release|Any CPU = Release|Any CPU
	EndGlobalSection
	GlobalSection(ProjectConfigurationPlatforms) = postSolution
		{FF030201-E7C4-473B-8510-764AA113AFE6}.Debug|Any CPU.ActiveCfg = Debug|Any CPU
		{FF030201-E7C4-473B-8510-764AA113AFE6}.Debug|Any CPU.Build.0 = Debug|Any CPU
		{FF030201-E7C4-473B-8510-764AA113AFE6}.Release|Any CPU.ActiveCfg = Release|Any CPU
		{FF030201-E7C4-473B-8510-764AA113AFE6}.Release|Any CPU.Build.0 = Release|Any CPU
	EndGlobalSection
	GlobalSection(SolutionProperties) = preSolution
		HideSolutionNode = FALSE
	EndGlobalSection
	GlobalSection(ExtensibilityGlobals) = postSolution
		SolutionGuid = {85095C97-63FB-4C6C-BC4C-15E870B04499}
	EndGlobalSection
EndGlobal
