
Microsoft Visual Studio Solution File, Format Version 12.00
# Visual Studio Version 17
VisualStudioVersion = 17.10.34928.147
MinimumVisualStudioVersion = 10.0.40219.1
Project("{FAE04EC0-301F-11D3-BF4B-00C04F79EFBC}") = "02ValidAge", "02ValidAge.csproj", "{70B494EC-55B5-4216-967E-C05D3AC33AE9}"
EndProject
Global
	GlobalSection(SolutionConfigurationPlatforms) = preSolution
		Debug|Any CPU = Debug|Any CPU
		Release|Any CPU = Release|Any CPU
	EndGlobalSection
	GlobalSection(ProjectConfigurationPlatforms) = postSolution
		{70B494EC-55B5-4216-967E-C05D3AC33AE9}.Debug|Any CPU.ActiveCfg = Debug|Any CPU
		{70B494EC-55B5-4216-967E-C05D3AC33AE9}.Debug|Any CPU.Build.0 = Debug|Any CPU
		{70B494EC-55B5-4216-967E-C05D3AC33AE9}.Release|Any CPU.ActiveCfg = Release|Any CPU
		{70B494EC-55B5-4216-967E-C05D3AC33AE9}.Release|Any CPU.Build.0 = Release|Any CPU
	EndGlobalSection
	GlobalSection(SolutionProperties) = preSolution
		HideSolutionNode = FALSE
	EndGlobalSection
	GlobalSection(ExtensibilityGlobals) = postSolution
		SolutionGuid = {7FB438DA-DA14-4764-BA63-900C9F5C0AF7}
	EndGlobalSection
EndGlobal
