
Microsoft Visual Studio Solution File, Format Version 12.00
# Visual Studio Version 17
VisualStudioVersion = 17.10.34928.147
MinimumVisualStudioVersion = 10.0.40219.1
Project("{FAE04EC0-301F-11D3-BF4B-00C04F79EFBC}") = "02_Radius", "02_Radius.csproj", "{7033E822-0879-4B92-ABF7-C7412E374795}"
EndProject
Global
	GlobalSection(SolutionConfigurationPlatforms) = preSolution
		Debug|Any CPU = Debug|Any CPU
		Release|Any CPU = Release|Any CPU
	EndGlobalSection
	GlobalSection(ProjectConfigurationPlatforms) = postSolution
		{7033E822-0879-4B92-ABF7-C7412E374795}.Debug|Any CPU.ActiveCfg = Debug|Any CPU
		{7033E822-0879-4B92-ABF7-C7412E374795}.Debug|Any CPU.Build.0 = Debug|Any CPU
		{7033E822-0879-4B92-ABF7-C7412E374795}.Release|Any CPU.ActiveCfg = Release|Any CPU
		{7033E822-0879-4B92-ABF7-C7412E374795}.Release|Any CPU.Build.0 = Release|Any CPU
	EndGlobalSection
	GlobalSection(SolutionProperties) = preSolution
		HideSolutionNode = FALSE
	EndGlobalSection
	GlobalSection(ExtensibilityGlobals) = postSolution
		SolutionGuid = {748FD023-9205-4771-9410-C5427DDFA8CA}
	EndGlobalSection
EndGlobal
