
Microsoft Visual Studio Solution File, Format Version 12.00
# Visual Studio Version 17
VisualStudioVersion = 17.10.34928.147
MinimumVisualStudioVersion = 10.0.40219.1
Project("{FAE04EC0-301F-11D3-BF4B-00C04F79EFBC}") = "01HalloWorld", "01HalloWorld.csproj", "{740840BD-05A1-4177-8042-38C203AAD5BE}"
EndProject
Global
	GlobalSection(SolutionConfigurationPlatforms) = preSolution
		Debug|Any CPU = Debug|Any CPU
		Release|Any CPU = Release|Any CPU
	EndGlobalSection
	GlobalSection(ProjectConfigurationPlatforms) = postSolution
		{740840BD-05A1-4177-8042-38C203AAD5BE}.Debug|Any CPU.ActiveCfg = Debug|Any CPU
		{740840BD-05A1-4177-8042-38C203AAD5BE}.Debug|Any CPU.Build.0 = Debug|Any CPU
		{740840BD-05A1-4177-8042-38C203AAD5BE}.Release|Any CPU.ActiveCfg = Release|Any CPU
		{740840BD-05A1-4177-8042-38C203AAD5BE}.Release|Any CPU.Build.0 = Release|Any CPU
	EndGlobalSection
	GlobalSection(SolutionProperties) = preSolution
		HideSolutionNode = FALSE
	EndGlobalSection
	GlobalSection(ExtensibilityGlobals) = postSolution
		SolutionGuid = {EE037064-5EF3-44BA-A5F6-5CC325C17EC7}
	EndGlobalSection
EndGlobal
