
Microsoft Visual Studio Solution File, Format Version 12.00
# Visual Studio Version 17
VisualStudioVersion = 17.10.34928.147
MinimumVisualStudioVersion = 10.0.40219.1
Project("{FAE04EC0-301F-11D3-BF4B-00C04F79EFBC}") = "01 Hello Name (test codegrade)", "01 Hello Name (test codegrade).csproj", "{3EBB6B72-FEF6-4ABD-8B26-D4A62D88C986}"
EndProject
Global
	GlobalSection(SolutionConfigurationPlatforms) = preSolution
		Debug|Any CPU = Debug|Any CPU
		Release|Any CPU = Release|Any CPU
	EndGlobalSection
	GlobalSection(ProjectConfigurationPlatforms) = postSolution
		{3EBB6B72-FEF6-4ABD-8B26-D4A62D88C986}.Debug|Any CPU.ActiveCfg = Debug|Any CPU
		{3EBB6B72-FEF6-4ABD-8B26-D4A62D88C986}.Debug|Any CPU.Build.0 = Debug|Any CPU
		{3EBB6B72-FEF6-4ABD-8B26-D4A62D88C986}.Release|Any CPU.ActiveCfg = Release|Any CPU
		{3EBB6B72-FEF6-4ABD-8B26-D4A62D88C986}.Release|Any CPU.Build.0 = Release|Any CPU
	EndGlobalSection
	GlobalSection(SolutionProperties) = preSolution
		HideSolutionNode = FALSE
	EndGlobalSection
	GlobalSection(ExtensibilityGlobals) = postSolution
		SolutionGuid = {BFA04BCB-884A-4551-BD19-2A85D8A2B75F}
	EndGlobalSection
EndGlobal
