
Microsoft Visual Studio Solution File, Format Version 12.00
# Visual Studio Version 17
VisualStudioVersion = 17.10.34928.147
MinimumVisualStudioVersion = 10.0.40219.1
Project("{FAE04EC0-301F-11D3-BF4B-00C04F79EFBC}") = "02_BMI", "02_BMI.csproj", "{047B1DE4-BDBE-4506-9266-22D131E36942}"
EndProject
Global
	GlobalSection(SolutionConfigurationPlatforms) = preSolution
		Debug|Any CPU = Debug|Any CPU
		Release|Any CPU = Release|Any CPU
	EndGlobalSection
	GlobalSection(ProjectConfigurationPlatforms) = postSolution
		{047B1DE4-BDBE-4506-9266-22D131E36942}.Debug|Any CPU.ActiveCfg = Debug|Any CPU
		{047B1DE4-BDBE-4506-9266-22D131E36942}.Debug|Any CPU.Build.0 = Debug|Any CPU
		{047B1DE4-BDBE-4506-9266-22D131E36942}.Release|Any CPU.ActiveCfg = Release|Any CPU
		{047B1DE4-BDBE-4506-9266-22D131E36942}.Release|Any CPU.Build.0 = Release|Any CPU
	EndGlobalSection
	GlobalSection(SolutionProperties) = preSolution
		HideSolutionNode = FALSE
	EndGlobalSection
	GlobalSection(ExtensibilityGlobals) = postSolution
		SolutionGuid = {C568A850-8057-4DF3-BBA2-C1F3D2D3DCF1}
	EndGlobalSection
EndGlobal
