
Microsoft Visual Studio Solution File, Format Version 12.00
# Visual Studio Version 17
VisualStudioVersion = 17.10.34928.147
MinimumVisualStudioVersion = 10.0.40219.1
Project("{FAE04EC0-301F-11D3-BF4B-00C04F79EFBC}") = "Week05_count", "Week05_count.csproj", "{6CA9C0F5-C6C0-45BF-A3E8-F78AFEC52156}"
EndProject
Global
	GlobalSection(SolutionConfigurationPlatforms) = preSolution
		Debug|Any CPU = Debug|Any CPU
		Release|Any CPU = Release|Any CPU
	EndGlobalSection
	GlobalSection(ProjectConfigurationPlatforms) = postSolution
		{6CA9C0F5-C6C0-45BF-A3E8-F78AFEC52156}.Debug|Any CPU.ActiveCfg = Debug|Any CPU
		{6CA9C0F5-C6C0-45BF-A3E8-F78AFEC52156}.Debug|Any CPU.Build.0 = Debug|Any CPU
		{6CA9C0F5-C6C0-45BF-A3E8-F78AFEC52156}.Release|Any CPU.ActiveCfg = Release|Any CPU
		{6CA9C0F5-C6C0-45BF-A3E8-F78AFEC52156}.Release|Any CPU.Build.0 = Release|Any CPU
	EndGlobalSection
	GlobalSection(SolutionProperties) = preSolution
		HideSolutionNode = FALSE
	EndGlobalSection
	GlobalSection(ExtensibilityGlobals) = postSolution
		SolutionGuid = {EA826E1B-60FB-4B21-92E7-ED720CF84BAA}
	EndGlobalSection
EndGlobal
