
Microsoft Visual Studio Solution File, Format Version 12.00
# Visual Studio Version 17
VisualStudioVersion = 17.10.34928.147
MinimumVisualStudioVersion = 10.0.40219.1
Project("{FAE04EC0-301F-11D3-BF4B-00C04F79EFBC}") = "ArraysAanmaken", "ArraysAanmaken.csproj", "{401AF9BE-E141-4B8D-A659-3947A8A4E07C}"
EndProject
Global
	GlobalSection(SolutionConfigurationPlatforms) = preSolution
		Debug|Any CPU = Debug|Any CPU
		Release|Any CPU = Release|Any CPU
	EndGlobalSection
	GlobalSection(ProjectConfigurationPlatforms) = postSolution
		{401AF9BE-E141-4B8D-A659-3947A8A4E07C}.Debug|Any CPU.ActiveCfg = Debug|Any CPU
		{401AF9BE-E141-4B8D-A659-3947A8A4E07C}.Debug|Any CPU.Build.0 = Debug|Any CPU
		{401AF9BE-E141-4B8D-A659-3947A8A4E07C}.Release|Any CPU.ActiveCfg = Release|Any CPU
		{401AF9BE-E141-4B8D-A659-3947A8A4E07C}.Release|Any CPU.Build.0 = Release|Any CPU
	EndGlobalSection
	GlobalSection(SolutionProperties) = preSolution
		HideSolutionNode = FALSE
	EndGlobalSection
	GlobalSection(ExtensibilityGlobals) = postSolution
		SolutionGuid = {27C6841D-4423-4E5D-84EF-F5106AE167C4}
	EndGlobalSection
EndGlobal
