
Microsoft Visual Studio Solution File, Format Version 12.00
# Visual Studio Version 17
VisualStudioVersion = 17.10.34928.147
MinimumVisualStudioVersion = 10.0.40219.1
Project("{FAE04EC0-301F-11D3-BF4B-00C04F79EFBC}") = "02_Divide", "02_Divide.csproj", "{BE2B8ABC-235B-4F49-ACB7-C6CFBD77AAA6}"
EndProject
Global
	GlobalSection(SolutionConfigurationPlatforms) = preSolution
		Debug|Any CPU = Debug|Any CPU
		Release|Any CPU = Release|Any CPU
	EndGlobalSection
	GlobalSection(ProjectConfigurationPlatforms) = postSolution
		{BE2B8ABC-235B-4F49-ACB7-C6CFBD77AAA6}.Debug|Any CPU.ActiveCfg = Debug|Any CPU
		{BE2B8ABC-235B-4F49-ACB7-C6CFBD77AAA6}.Debug|Any CPU.Build.0 = Debug|Any CPU
		{BE2B8ABC-235B-4F49-ACB7-C6CFBD77AAA6}.Release|Any CPU.ActiveCfg = Release|Any CPU
		{BE2B8ABC-235B-4F49-ACB7-C6CFBD77AAA6}.Release|Any CPU.Build.0 = Release|Any CPU
	EndGlobalSection
	GlobalSection(SolutionProperties) = preSolution
		HideSolutionNode = FALSE
	EndGlobalSection
	GlobalSection(ExtensibilityGlobals) = postSolution
		SolutionGuid = {FA837395-75D9-4429-8B66-7C011F3B11D3}
	EndGlobalSection
EndGlobal
