
Microsoft Visual Studio Solution File, Format Version 12.00
# Visual Studio Version 17
VisualStudioVersion = 17.10.34928.147
MinimumVisualStudioVersion = 10.0.40219.1
Project("{FAE04EC0-301F-11D3-BF4B-00C04F79EFBC}") = "Rapunsel", "Rapunsel.csproj", "{AA554F19-BDAE-4EAE-8EBA-5155A62E00D5}"
EndProject
Global
	GlobalSection(SolutionConfigurationPlatforms) = preSolution
		Debug|Any CPU = Debug|Any CPU
		Release|Any CPU = Release|Any CPU
	EndGlobalSection
	GlobalSection(ProjectConfigurationPlatforms) = postSolution
		{AA554F19-BDAE-4EAE-8EBA-5155A62E00D5}.Debug|Any CPU.ActiveCfg = Debug|Any CPU
		{AA554F19-BDAE-4EAE-8EBA-5155A62E00D5}.Debug|Any CPU.Build.0 = Debug|Any CPU
		{AA554F19-BDAE-4EAE-8EBA-5155A62E00D5}.Release|Any CPU.ActiveCfg = Release|Any CPU
		{AA554F19-BDAE-4EAE-8EBA-5155A62E00D5}.Release|Any CPU.Build.0 = Release|Any CPU
	EndGlobalSection
	GlobalSection(SolutionProperties) = preSolution
		HideSolutionNode = FALSE
	EndGlobalSection
	GlobalSection(ExtensibilityGlobals) = postSolution
		SolutionGuid = {53A9F51E-5FD1-4252-84CD-0BB3047AFE4C}
	EndGlobalSection
EndGlobal
